// !$*UTF8*$!
{
	archiveVersion = 1;
	classes = {
	};
	objectVersion = 50;
	objects = {

/* Begin PBXBuildFile section */
		D2E3B07723A1556400EE1FCF /* AppDelegate.swift in Sources */ = {isa = PBXBuildFile; fileRef = D2E3B07623A1556400EE1FCF /* AppDelegate.swift */; };
		D2E3B07923A1556400EE1FCF /* art.scnassets in Resources */ = {isa = PBXBuildFile; fileRef = D2E3B07823A1556400EE1FCF /* art.scnassets */; };
		D2E3B07B23A1556400EE1FCF /* ViewController.swift in Sources */ = {isa = PBXBuildFile; fileRef = D2E3B07A23A1556400EE1FCF /* ViewController.swift */; };
		D2E3B07E23A1556400EE1FCF /* Main.storyboard in Resources */ = {isa = PBXBuildFile; fileRef = D2E3B07C23A1556400EE1FCF /* Main.storyboard */; };
		D2E3B08023A1556500EE1FCF /* Assets.xcassets in Resources */ = {isa = PBXBuildFile; fileRef = D2E3B07F23A1556500EE1FCF /* Assets.xcassets */; };
		D2E3B08323A1556500EE1FCF /* LaunchScreen.storyboard in Resources */ = {isa = PBXBuildFile; fileRef = D2E3B08123A1556500EE1FCF /* LaunchScreen.storyboard */; };
		D2E3B08B23A157AE00EE1FCF /* earthnode.swift in Sources */ = {isa = PBXBuildFile; fileRef = D2E3B08A23A157AE00EE1FCF /* earthnode.swift */; };
/* End PBXBuildFile section */

/* Begin PBXFileReference section */
		D2E3B07323A1556400EE1FCF /* planet.app */ = {isa = PBXFileReference; explicitFileType = wrapper.application; includeInIndex = 0; path = planet.app; sourceTree = BUILT_PRODUCTS_DIR; };
		D2E3B07623A1556400EE1FCF /* AppDelegate.swift */ = {isa = PBXFileReference; lastKnownFileType = sourcecode.swift; path = AppDelegate.swift; sourceTree = "<group>"; };
		D2E3B07823A1556400EE1FCF /* art.scnassets */ = {isa = PBXFileReference; lastKnownFileType = wrapper.scnassets; path = art.scnassets; sourceTree = "<group>"; };
		D2E3B07A23A1556400EE1FCF /* ViewController.swift */ = {isa = PBXFileReference; lastKnownFileType = sourcecode.swift; path = ViewController.swift; sourceTree = "<group>"; };
		D2E3B07D23A1556400EE1FCF /* Base */ = {isa = PBXFileReference; lastKnownFileType = file.storyboard; name = Base; path = Base.lproj/Main.storyboard; sourceTree = "<group>"; };
		D2E3B07F23A1556500EE1FCF /* Assets.xcassets */ = {isa = PBXFileReference; lastKnownFileType = folder.assetcatalog; path = Assets.xcassets; sourceTree = "<group>"; };
		D2E3B08223A1556500EE1FCF /* Base */ = {isa = PBXFileReference; lastKnownFileType = file.storyboard; name = Base; path = Base.lproj/LaunchScreen.storyboard; sourceTree = "<group>"; };
		D2E3B08423A1556500EE1FCF /* Info.plist */ = {isa = PBXFileReference; lastKnownFileType = text.plist.xml; path = Info.plist; sourceTree = "<group>"; };
		D2E3B08A23A157AE00EE1FCF /* earthnode.swift */ = {isa = PBXFileReference; lastKnownFileType = sourcecode.swift; path = earthnode.swift; sourceTree = "<group>"; };
/* End PBXFileReference section */

/* Begin PBXFrameworksBuildPhase section */
		D2E3B07023A1556400EE1FCF /* Frameworks */ = {
			isa = PBXFrameworksBuildPhase;
			buildActionMask = 2147483647;
			files = (
			);
			runOnlyForDeploymentPostprocessing = 0;
		};
/* End PBXFrameworksBuildPhase section */

/* Begin PBXGroup section */
		D2E3B06A23A1556400EE1FCF = {
			isa = PBXGroup;
			children = (
				D2E3B07523A1556400EE1FCF /* planet */,
				D2E3B07423A1556400EE1FCF /* Products */,
			);
			sourceTree = "<group>";
		};
		D2E3B07423A1556400EE1FCF /* Products */ = {
			isa = PBXGroup;
			children = (
				D2E3B07323A1556400EE1FCF /* planet.app */,
			);
			name = Products;
			sourceTree = "<group>";
		};
		D2E3B07523A1556400EE1FCF /* planet */ = {
			isa = PBXGroup;
			children = (
				D2E3B07623A1556400EE1FCF /* AppDelegate.swift */,
				D2E3B07823A1556400EE1FCF /* art.scnassets */,
				D2E3B07A23A1556400EE1FCF /* ViewController.swift */,
				D2E3B07C23A1556400EE1FCF /* Main.storyboard */,
				D2E3B08A23A157AE00EE1FCF /* earthnode.swift */,
				D2E3B07F23A1556500EE1FCF /* Assets.xcassets */,
				D2E3B08123A1556500EE1FCF /* LaunchScreen.storyboard */,
				D2E3B08423A1556500EE1FCF /* Info.plist */,
			);
			path = planet;
			sourceTree = "<group>";
		};
/* End PBXGroup section */

/* Begin PBXNativeTarget section */
		D2E3B07223A1556400EE1FCF /* planet */ = {
			isa = PBXNativeTarget;
			buildConfigurationList = D2E3B08723A1556500EE1FCF /* Build configuration list for PBXNativeTarget "planet" */;
			buildPhases = (
				D2E3B06F23A1556400EE1FCF /* Sources */,
				D2E3B07023A1556400EE1FCF /* Frameworks */,
				D2E3B07123A1556400EE1FCF /* Resources */,
			);
			buildRules = (
			);
			dependencies = (
			);
			name = planet;
			productName = planet;
			productReference = D2E3B07323A1556400EE1FCF /* planet.app */;
			productType = "com.apple.product-type.application";
		};
/* End PBXNativeTarget section */

/* Begin PBXProject section */
		D2E3B06B23A1556400EE1FCF /* Project object */ = {
			isa = PBXProject;
			attributes = {
				LastSwiftUpdateCheck = 1110;
				LastUpgradeCheck = 1110;
				ORGANIZATIONNAME = "Surya Chappidi";
				TargetAttributes = {
					D2E3B07223A1556400EE1FCF = {
						CreatedOnToolsVersion = 11.1;
					};
				};
			};
			buildConfigurationList = D2E3B06E23A1556400EE1FCF /* Build configuration list for PBXProject "planet" */;
			compatibilityVersion = "Xcode 9.3";
			developmentRegion = en;
			hasScannedForEncodings = 0;
			knownRegions = (
				en,
				Base,
			);
			mainGroup = D2E3B06A23A1556400EE1FCF;
			productRefGroup = D2E3B07423A1556400EE1FCF /* Products */;
			projectDirPath = "";
			projectRoot = "";
			targets = (
				D2E3B07223A1556400EE1FCF /* planet */,
			);
		};
/* End PBXProject section */

/* Begin PBXResourcesBuildPhase section */
		D2E3B07123A1556400EE1FCF /* Resources */ = {
			isa = PBXResourcesBuildPhase;
			buildActionMask = 2147483647;
			files = (
				D2E3B07923A1556400EE1FCF /* art.scnassets in Resources */,
				D2E3B08323A1556500EE1FCF /* LaunchScreen.storyboard in Resources */,
				D2E3B08023A1556500EE1FCF /* Assets.xcassets in Resources */,
				D2E3B07E23A1556400EE1FCF /* Main.storyboard in Resources */,
			);
			runOnlyForDeploymentPostprocessing = 0;
		};
/* End PBXResourcesBuildPhase section */

/* Begin PBXSourcesBuildPhase section */
		D2E3B06F23A1556400EE1FCF /* Sources */ = {
			isa = PBXSourcesBuildPhase;
			buildActionMask = 2147483647;
			files = (
				D2E3B07B23A1556400EE1FCF /* ViewController.swift in Sources */,
				D2E3B08B23A157AE00EE1FCF /* earthnode.swift in Sources */,
				D2E3B07723A1556400EE1FCF /* AppDelegate.swift in Sources */,
			);
			runOnlyForDeploymentPostprocessing = 0;
		};
/* End PBXSourcesBuildPhase section */

/* Begin PBXVariantGroup section */
		D2E3B07C23A1556400EE1FCF /* Main.storyboard */ = {
			isa = PBXVariantGroup;
			children = (
				D2E3B07D23A1556400EE1FCF /* Base */,
			);
			name = Main.storyboard;
			sourceTree = "<group>";
		};
		D2E3B08123A1556500EE1FCF /* LaunchScreen.storyboard */ = {
			isa = PBXVariantGroup;
			children = (
				D2E3B08223A1556500EE1FCF /* Base */,
			);
			name = LaunchScreen.storyboard;
			sourceTree = "<group>";
		};
/* End PBXVariantGroup section */

/* Begin XCBuildConfiguration section */
		D2E3B08523A1556500EE1FCF /* Debug */ = {
			isa = XCBuildConfiguration;
			buildSettings = {
				ALWAYS_SEARCH_USER_PATHS = NO;
				CLANG_ANALYZER_NONNULL = YES;
				CLANG_ANALYZER_NUMBER_OBJECT_CONVERSION = YES_AGGRESSIVE;
				CLANG_CXX_LANGUAGE_STANDARD = "gnu++14";
				CLANG_CXX_LIBRARY = "libc++";
				CLANG_ENABLE_MODULES = YES;
				CLANG_ENABLE_OBJC_ARC = YES;
				CLANG_ENABLE_OBJC_WEAK = YES;
				CLANG_WARN_BLOCK_CAPTURE_AUTORELEASING = YES;
				CLANG_WARN_BOOL_CONVERSION = YES;
				CLANG_WARN_COMMA = YES;
				CLANG_WARN_CONSTANT_CONVERSION = YES;
				CLANG_WARN_DEPRECATED_OBJC_IMPLEMENTATIONS = YES;
				CLANG_WARN_DIRECT_OBJC_ISA_USAGE = YES_ERROR;
				CLANG_WARN_DOCUMENTATION_COMMENTS = YES;
				CLANG_WARN_EMPTY_BODY = YES;
				CLANG_WARN_ENUM_CONVERSION = YES;
				CLANG_WARN_INFINITE_RECURSION = YES;
				CLANG_WARN_INT_CONVERSION = YES;
				CLANG_WARN_NON_LITERAL_NULL_CONVERSION = YES;
				CLANG_WARN_OBJC_IMPLICIT_RETAIN_SELF = YES;
				CLANG_WARN_OBJC_LITERAL_CONVERSION = YES;
				CLANG_WARN_OBJC_ROOT_CLASS = YES_ERROR;
				CLANG_WARN_RANGE_LOOP_ANALYSIS = YES;
				CLANG_WARN_STRICT_PROTOTYPES = YES;
				CLANG_WARN_SUSPICIOUS_MOVE = YES;
				CLANG_WARN_UNGUARDED_AVAILABILITY = YES_AGGRESSIVE;
				CLANG_WARN_UNREACHABLE_CODE = YES;
				CLANG_WARN__DUPLICATE_METHOD_MATCH = YES;
				COPY_PHASE_STRIP = NO;
				DEBUG_INFORMATION_FORMAT = dwarf;
				ENABLE_STRICT_OBJC_MSGSEND = YES;
				ENABLE_TESTABILITY = YES;
				GCC_C_LANGUAGE_STANDARD = gnu11;
				GCC_DYNAMIC_NO_PIC = NO;
				GCC_NO_COMMON_BLOCKS = YES;
				GCC_OPTIMIZATION_LEVEL = 0;
				GCC_PREPROCESSOR_DEFINITIONS = (
					"DEBUG=1",
					"$(inherited)",
				);
				GCC_WARN_64_TO_32_BIT_CONVERSION = YES;
				GCC_WARN_ABOUT_RETURN_TYPE = YES_ERROR;
				GCC_WARN_UNDECLARED_SELECTOR = YES;
				GCC_WARN_UNINITIALIZED_AUTOS = YES_AGGRESSIVE;
				GCC_WARN_UNUSED_FUNCTION = YES;
				GCC_WARN_UNUSED_VARIABLE = YES;
				IPHONEOS_DEPLOYMENT_TARGET = 13.1;
				MTL_ENABLE_DEBUG_INFO = INCLUDE_SOURCE;
				MTL_FAST_MATH = YES;
				ONLY_ACTIVE_ARCH = YES;
				SDKROOT = iphoneos;
				SWIFT_ACTIVE_COMPILATION_CONDITIONS = DEBUG;
				SWIFT_OPTIMIZATION_LEVEL = "-Onone";
			};
			name = Debug;
		};
		D2E3B08623A1556500EE1FCF /* Release */ = {
			isa = XCBuildConfiguration;
			buildSettings = {
				ALWAYS_SEARCH_USER_PATHS = NO;
				CLANG_ANALYZER_NONNULL = YES;
				CLANG_ANALYZER_NUMBER_OBJECT_CONVERSION = YES_AGGRESSIVE;
				CLANG_CXX_LANGUAGE_STANDARD = "gnu++14";
				CLANG_CXX_LIBRARY = "libc++";
				CLANG_ENABLE_MODULES = YES;
				CLANG_ENABLE_OBJC_ARC = YES;
				CLANG_ENABLE_OBJC_WEAK = YES;
				CLANG_WARN_BLOCK_CAPTURE_AUTORELEASING = YES;
				CLANG_WARN_BOOL_CONVERSION = YES;
				CLANG_WARN_COMMA = YES;
				CLANG_WARN_CONSTANT_CONVERSION = YES;
				CLANG_WARN_DEPRECATED_OBJC_IMPLEMENTATIONS = YES;
				CLANG_WARN_DIRECT_OBJC_ISA_USAGE = YES_ERROR;
				CLANG_WARN_DOCUMENTATION_COMMENTS = YES;
				CLANG_WARN_EMPTY_BODY = YES;
				CLANG_WARN_ENUM_CONVERSION = YES;
				CLANG_WARN_INFINITE_RECURSION = YES;
				CLANG_WARN_INT_CONVERSION = YES;
				CLANG_WARN_NON_LITERAL_NULL_CONVERSION = YES;
				CLANG_WARN_OBJC_IMPLICIT_RETAIN_SELF = YES;
				CLANG_WARN_OBJC_LITERAL_CONVERSION = YES;
				CLANG_WARN_OBJC_ROOT_CLASS = YES_ERROR;
				CLANG_WARN_RANGE_LOOP_ANALYSIS = YES;
				CLANG_WARN_STRICT_PROTOTYPES = YES;
				CLANG_WARN_SUSPICIOUS_MOVE = YES;
				CLANG_WARN_UNGUARDED_AVAILABILITY = YES_AGGRESSIVE;
				CLANG_WARN_UNREACHABLE_CODE = YES;
				CLANG_WARN__DUPLICATE_METHOD_MATCH = YES;
				COPY_PHASE_STRIP = NO;
				DEBUG_INFORMATION_FORMAT = "dwarf-with-dsym";
				ENABLE_NS_ASSERTIONS = NO;
				ENABLE_STRICT_OBJC_MSGSEND = YES;
				GCC_C_LANGUAGE_STANDARD = gnu11;
				GCC_NO_COMMON_BLOCKS = YES;
				GCC_WARN_64_TO_32_BIT_CONVERSION = YES;
				GCC_WARN_ABOUT_RETURN_TYPE = YES_ERROR;
				GCC_WARN_UNDECLARED_SELECTOR = YES;
				GCC_WARN_UNINITIALIZED_AUTOS = YES_AGGRESSIVE;
				GCC_WARN_UNUSED_FUNCTION = YES;
				GCC_WARN_UNUSED_VARIABLE = YES;
				IPHONEOS_DEPLOYMENT_TARGET = 13.1;
				MTL_ENABLE_DEBUG_INFO = NO;
				MTL_FAST_MATH = YES;
				SDKROOT = iphoneos;
				SWIFT_COMPILATION_MODE = wholemodule;
				SWIFT_OPTIMIZATION_LEVEL = "-O";
				VALIDATE_PRODUCT = YES;
			};
			name = Release;
		};
		D2E3B08823A1556500EE1FCF /* Debug */ = {
			isa = XCBuildConfiguration;
			buildSettings = {
				ASSETCATALOG_COMPILER_APPICON_NAME = AppIcon;
				CODE_SIGN_STYLE = Automatic;
				DEVELOPMENT_TEAM = 267NNSDTBG;
				INFOPLIST_FILE = planet/Info.plist;
				LD_RUNPATH_SEARCH_PATHS = (
					"$(inherited)",
					"@executable_path/Frameworks",
				);
				PRODUCT_BUNDLE_IDENTIFIER = arplanet.planet;
				PRODUCT_NAME = "$(TARGET_NAME)";
				SWIFT_VERSION = 5.0;
				TARGETED_DEVICE_FAMILY = "1,2";
			};
			name = Debug;
		};
		D2E3B08923A1556500EE1FCF /* Release */ = {
			isa = XCBuildConfiguration;
			buildSettings = {
				ASSETCATALOG_COMPILER_APPICON_NAME = AppIcon;
				CODE_SIGN_STYLE = Automatic;
				DEVELOPMENT_TEAM = 267NNSDTBG;
				INFOPLIST_FILE = planet/Info.plist;
				LD_RUNPATH_SEARCH_PATHS = (
					"$(inherited)",
					"@executable_path/Frameworks",
				);
				PRODUCT_BUNDLE_IDENTIFIER = arplanet.planet;
				PRODUCT_NAME = "$(TARGET_NAME)";
				SWIFT_VERSION = 5.0;
				TARGETED_DEVICE_FAMILY = "1,2";
			};
			name = Release;
		};
/* End XCBuildConfiguration section */

/* Begin XCConfigurationList section */
		D2E3B06E23A1556400EE1FCF /* Build configuration list for PBXProject "planet" */ = {
			isa = XCConfigurationList;
			buildConfigurations = (
				D2E3B08523A1556500EE1FCF /* Debug */,
				D2E3B08623A1556500EE1FCF /* Release */,
			);
			defaultConfigurationIsVisible = 0;
			defaultConfigurationName = Release;
		};
		D2E3B08723A1556500EE1FCF /* Build configuration list for PBXNativeTarget "planet" */ = {
			isa = XCConfigurationList;
			buildConfigurations = (
				D2E3B08823A1556500EE1FCF /* Debug */,
				D2E3B08923A1556500EE1FCF /* Release */,
			);
			defaultConfigurationIsVisible = 0;
			defaultConfigurationName = Release;
		};
/* End XCConfigurationList section */
	};
	rootObject = D2E3B06B23A1556400EE1FCF /* Project object */;
}
